// !$*UTF8*$!
{
	archiveVersion = 1;
	classes = {
	};
	objectVersion = 48;
	objects = {

/* Begin PBXBuildFile section */
		900CC3951F78C88700CAEDB4 /* AppDelegate.swift in Sources */ = {isa = PBXBuildFile; fileRef = 900CC3941F78C88700CAEDB4 /* AppDelegate.swift */; };
		900CC3971F78C88700CAEDB4 /* UserViewController.swift in Sources */ = {isa = PBXBuildFile; fileRef = 900CC3961F78C88700CAEDB4 /* UserViewController.swift */; };
		900CC39A1F78C88700CAEDB4 /* Main.storyboard in Resources */ = {isa = PBXBuildFile; fileRef = 900CC3981F78C88700CAEDB4 /* Main.storyboard */; };
		900CC39C1F78C88700CAEDB4 /* Assets.xcassets in Resources */ = {isa = PBXBuildFile; fileRef = 900CC39B1F78C88700CAEDB4 /* Assets.xcassets */; };
		900CC39F1F78C88700CAEDB4 /* LaunchScreen.storyboard in Resources */ = {isa = PBXBuildFile; fileRef = 900CC39D1F78C88700CAEDB4 /* LaunchScreen.storyboard */; };
		900CC3A71F78C8BE00CAEDB4 /* SubjectsTableViewController.swift in Sources */ = {isa = PBXBuildFile; fileRef = 900CC3A61F78C8BE00CAEDB4 /* SubjectsTableViewController.swift */; };
		900CC3AA1F78CA2A00CAEDB4 /* Server.swift in Sources */ = {isa = PBXBuildFile; fileRef = 900CC3A91F78CA2A00CAEDB4 /* Server.swift */; };
		900CC3AC1F78D3F200CAEDB4 /* UIView+Extension.swift in Sources */ = {isa = PBXBuildFile; fileRef = 900CC3AB1F78D3F100CAEDB4 /* UIView+Extension.swift */; };
		9068099E1F85F3B5004D3A8F /* Subjects.txt in Resources */ = {isa = PBXBuildFile; fileRef = 9068099D1F85F3B4004D3A8F /* Subjects.txt */; };
		906809A01F860568004D3A8F /* QuastionListTableViewController.swift in Sources */ = {isa = PBXBuildFile; fileRef = 9068099F1F860568004D3A8F /* QuastionListTableViewController.swift */; };
		90942A2A1FCBEE8600B13303 /* QestionsViewController.swift in Sources */ = {isa = PBXBuildFile; fileRef = 90942A291FCBEE8600B13303 /* QestionsViewController.swift */; };
		90D6BB6B1FCF0144003E3FC3 /* HomeViewController.swift in Sources */ = {isa = PBXBuildFile; fileRef = 90D6BB6A1FCF0144003E3FC3 /* HomeViewController.swift */; };
		90D6BB6D1FCF136D003E3FC3 /* AboutUsViewController.swift in Sources */ = {isa = PBXBuildFile; fileRef = 90D6BB6C1FCF136D003E3FC3 /* AboutUsViewController.swift */; };
/* End PBXBuildFile section */

/* Begin PBXFileReference section */
		900CC3911F78C88700CAEDB4 /* TestProject.app */ = {isa = PBXFileReference; explicitFileType = wrapper.application; includeInIndex = 0; path = TestProject.app; sourceTree = BUILT_PRODUCTS_DIR; };
		900CC3941F78C88700CAEDB4 /* AppDelegate.swift */ = {isa = PBXFileReference; lastKnownFileType = sourcecode.swift; path = AppDelegate.swift; sourceTree = "<group>"; };
		900CC3961F78C88700CAEDB4 /* UserViewController.swift */ = {isa = PBXFileReference; lastKnownFileType = sourcecode.swift; path = UserViewController.swift; sourceTree = "<group>"; };
		900CC3991F78C88700CAEDB4 /* Base */ = {isa = PBXFileReference; lastKnownFileType = file.storyboard; name = Base; path = Base.lproj/Main.storyboard; sourceTree = "<group>"; };
		900CC39B1F78C88700CAEDB4 /* Assets.xcassets */ = {isa = PBXFileReference; lastKnownFileType = folder.assetcatalog; path = Assets.xcassets; sourceTree = "<group>"; };
		900CC39E1F78C88700CAEDB4 /* Base */ = {isa = PBXFileReference; lastKnownFileType = file.storyboard; name = Base; path = Base.lproj/LaunchScreen.storyboard; sourceTree = "<group>"; };
		900CC3A01F78C88700CAEDB4 /* Info.plist */ = {isa = PBXFileReference; lastKnownFileType = text.plist.xml; path = Info.plist; sourceTree = "<group>"; };
		900CC3A61F78C8BE00CAEDB4 /* SubjectsTableViewController.swift */ = {isa = PBXFileReference; lastKnownFileType = sourcecode.swift; path = SubjectsTableViewController.swift; sourceTree = "<group>"; };
		900CC3A91F78CA2A00CAEDB4 /* Server.swift */ = {isa = PBXFileReference; lastKnownFileType = sourcecode.swift; path = Server.swift; sourceTree = "<group>"; };
		900CC3AB1F78D3F100CAEDB4 /* UIView+Extension.swift */ = {isa = PBXFileReference; lastKnownFileType = sourcecode.swift; path = "UIView+Extension.swift"; sourceTree = "<group>"; };
		9068099D1F85F3B4004D3A8F /* Subjects.txt */ = {isa = PBXFileReference; lastKnownFileType = text; path = Subjects.txt; sourceTree = "<group>"; };
		9068099F1F860568004D3A8F /* QuastionListTableViewController.swift */ = {isa = PBXFileReference; lastKnownFileType = sourcecode.swift; path = QuastionListTableViewController.swift; sourceTree = "<group>"; };
		90942A291FCBEE8600B13303 /* QestionsViewController.swift */ = {isa = PBXFileReference; lastKnownFileType = sourcecode.swift; path = QestionsViewController.swift; sourceTree = "<group>"; };
		90D6BB6A1FCF0144003E3FC3 /* HomeViewController.swift */ = {isa = PBXFileReference; lastKnownFileType = sourcecode.swift; path = HomeViewController.swift; sourceTree = "<group>"; };
		90D6BB6C1FCF136D003E3FC3 /* AboutUsViewController.swift */ = {isa = PBXFileReference; lastKnownFileType = sourcecode.swift; path = AboutUsViewController.swift; sourceTree = "<group>"; };
/* End PBXFileReference section */

/* Begin PBXFrameworksBuildPhase section */
		900CC38E1F78C88700CAEDB4 /* Frameworks */ = {
			isa = PBXFrameworksBuildPhase;
			buildActionMask = 2147483647;
			files = (
			);
			runOnlyForDeploymentPostprocessing = 0;
		};
/* End PBXFrameworksBuildPhase section */

/* Begin PBXGroup section */
		900CC3881F78C88700CAEDB4 = {
			isa = PBXGroup;
			children = (
				900CC3931F78C88700CAEDB4 /* TestProject */,
				900CC3921F78C88700CAEDB4 /* Products */,
			);
			sourceTree = "<group>";
		};
		900CC3921F78C88700CAEDB4 /* Products */ = {
			isa = PBXGroup;
			children = (
				900CC3911F78C88700CAEDB4 /* TestProject.app */,
			);
			name = Products;
			sourceTree = "<group>";
		};
		900CC3931F78C88700CAEDB4 /* TestProject */ = {
			isa = PBXGroup;
			children = (
				900CC3941F78C88700CAEDB4 /* AppDelegate.swift */,
				900CC3AB1F78D3F100CAEDB4 /* UIView+Extension.swift */,
				903F4C071F86433600C7D775 /* Helper Files */,
				900CC3A81F78C8C500CAEDB4 /* View Controllers */,
				900CC3981F78C88700CAEDB4 /* Main.storyboard */,
				900CC39B1F78C88700CAEDB4 /* Assets.xcassets */,
				900CC39D1F78C88700CAEDB4 /* LaunchScreen.storyboard */,
				900CC3A01F78C88700CAEDB4 /* Info.plist */,
			);
			path = TestProject;
			sourceTree = "<group>";
		};
		900CC3A81F78C8C500CAEDB4 /* View Controllers */ = {
			isa = PBXGroup;
			children = (
				900CC3961F78C88700CAEDB4 /* UserViewController.swift */,
				90D6BB6C1FCF136D003E3FC3 /* AboutUsViewController.swift */,
				90D6BB6A1FCF0144003E3FC3 /* HomeViewController.swift */,
				900CC3A61F78C8BE00CAEDB4 /* SubjectsTableViewController.swift */,
				9068099F1F860568004D3A8F /* QuastionListTableViewController.swift */,
				90942A291FCBEE8600B13303 /* QestionsViewController.swift */,
			);
			path = "View Controllers";
			sourceTree = "<group>";
		};
		903F4C071F86433600C7D775 /* Helper Files */ = {
			isa = PBXGroup;
			children = (
				900CC3A91F78CA2A00CAEDB4 /* Server.swift */,
				9068099D1F85F3B4004D3A8F /* Subjects.txt */,
			);
			path = "Helper Files";
			sourceTree = "<group>";
		};
/* End PBXGroup section */

/* Begin PBXNativeTarget section */
		900CC3901F78C88700CAEDB4 /* TestProject */ = {
			isa = PBXNativeTarget;
			buildConfigurationList = 900CC3A31F78C88700CAEDB4 /* Build configuration list for PBXNativeTarget "TestProject" */;
			buildPhases = (
				900CC38D1F78C88700CAEDB4 /* Sources */,
				900CC38E1F78C88700CAEDB4 /* Frameworks */,
				900CC38F1F78C88700CAEDB4 /* Resources */,
			);
			buildRules = (
			);
			dependencies = (
			);
			name = TestProject;
			productName = TestProject;
			productReference = 900CC3911F78C88700CAEDB4 /* TestProject.app */;
			productType = "com.apple.product-type.application";
		};
/* End PBXNativeTarget section */

/* Begin PBXProject section */
		900CC3891F78C88700CAEDB4 /* Project object */ = {
			isa = PBXProject;
			attributes = {
				LastSwiftUpdateCheck = 0900;
				LastUpgradeCheck = 0900;
				ORGANIZATIONNAME = "Sasha Voloshanov";
				TargetAttributes = {
					900CC3901F78C88700CAEDB4 = {
						CreatedOnToolsVersion = 9.0;
						ProvisioningStyle = Automatic;
					};
				};
			};
			buildConfigurationList = 900CC38C1F78C88700CAEDB4 /* Build configuration list for PBXProject "TestProject" */;
			compatibilityVersion = "Xcode 8.0";
			developmentRegion = en;
			hasScannedForEncodings = 0;
			knownRegions = (
				en,
				Base,
			);
			mainGroup = 900CC3881F78C88700CAEDB4;
			productRefGroup = 900CC3921F78C88700CAEDB4 /* Products */;
			projectDirPath = "";
			projectRoot = "";
			targets = (
				900CC3901F78C88700CAEDB4 /* TestProject */,
			);
		};
/* End PBXProject section */

/* Begin PBXResourcesBuildPhase section */
		900CC38F1F78C88700CAEDB4 /* Resources */ = {
			isa = PBXResourcesBuildPhase;
			buildActionMask = 2147483647;
			files = (
				900CC39F1F78C88700CAEDB4 /* LaunchScreen.storyboard in Resources */,
				900CC39C1F78C88700CAEDB4 /* Assets.xcassets in Resources */,
				900CC39A1F78C88700CAEDB4 /* Main.storyboard in Resources */,
				9068099E1F85F3B5004D3A8F /* Subjects.txt in Resources */,
			);
			runOnlyForDeploymentPostprocessing = 0;
		};
/* End PBXResourcesBuildPhase section */

/* Begin PBXSourcesBuildPhase section */
		900CC38D1F78C88700CAEDB4 /* Sources */ = {
			isa = PBXSourcesBuildPhase;
			buildActionMask = 2147483647;
			files = (
				900CC3971F78C88700CAEDB4 /* UserViewController.swift in Sources */,
				90D6BB6D1FCF136D003E3FC3 /* AboutUsViewController.swift in Sources */,
				90942A2A1FCBEE8600B13303 /* QestionsViewController.swift in Sources */,
				900CC3A71F78C8BE00CAEDB4 /* SubjectsTableViewController.swift in Sources */,
				90D6BB6B1FCF0144003E3FC3 /* HomeViewController.swift in Sources */,
				900CC3AA1F78CA2A00CAEDB4 /* Server.swift in Sources */,
				906809A01F860568004D3A8F /* QuastionListTableViewController.swift in Sources */,
				900CC3AC1F78D3F200CAEDB4 /* UIView+Extension.swift in Sources */,
				900CC3951F78C88700CAEDB4 /* AppDelegate.swift in Sources */,
			);
			runOnlyForDeploymentPostprocessing = 0;
		};
/* End PBXSourcesBuildPhase section */

/* Begin PBXVariantGroup section */
		900CC3981F78C88700CAEDB4 /* Main.storyboard */ = {
			isa = PBXVariantGroup;
			children = (
				900CC3991F78C88700CAEDB4 /* Base */,
			);
			name = Main.storyboard;
			sourceTree = "<group>";
		};
		900CC39D1F78C88700CAEDB4 /* LaunchScreen.storyboard */ = {
			isa = PBXVariantGroup;
			children = (
				900CC39E1F78C88700CAEDB4 /* Base */,
			);
			name = LaunchScreen.storyboard;
			sourceTree = "<group>";
		};
/* End PBXVariantGroup section */

/* Begin XCBuildConfiguration section */
		900CC3A11F78C88700CAEDB4 /* Debug */ = {
			isa = XCBuildConfiguration;
			buildSettings = {
				ALWAYS_SEARCH_USER_PATHS = NO;
				CLANG_ANALYZER_NONNULL = YES;
				CLANG_ANALYZER_NUMBER_OBJECT_CONVERSION = YES_AGGRESSIVE;
				CLANG_CXX_LANGUAGE_STANDARD = "gnu++14";
				CLANG_CXX_LIBRARY = "libc++";
				CLANG_ENABLE_MODULES = YES;
				CLANG_ENABLE_OBJC_ARC = YES;
				CLANG_WARN_BLOCK_CAPTURE_AUTORELEASING = YES;
				CLANG_WARN_BOOL_CONVERSION = YES;
				CLANG_WARN_COMMA = YES;
				CLANG_WARN_CONSTANT_CONVERSION = YES;
				CLANG_WARN_DIRECT_OBJC_ISA_USAGE = YES_ERROR;
				CLANG_WARN_DOCUMENTATION_COMMENTS = YES;
				CLANG_WARN_EMPTY_BODY = YES;
				CLANG_WARN_ENUM_CONVERSION = YES;
				CLANG_WARN_INFINITE_RECURSION = YES;
				CLANG_WARN_INT_CONVERSION = YES;
				CLANG_WARN_NON_LITERAL_NULL_CONVERSION = YES;
				CLANG_WARN_OBJC_LITERAL_CONVERSION = YES;
				CLANG_WARN_OBJC_ROOT_CLASS = YES_ERROR;
				CLANG_WARN_RANGE_LOOP_ANALYSIS = YES;
				CLANG_WARN_STRICT_PROTOTYPES = YES;
				CLANG_WARN_SUSPICIOUS_MOVE = YES;
				CLANG_WARN_UNGUARDED_AVAILABILITY = YES_AGGRESSIVE;
				CLANG_WARN_UNREACHABLE_CODE = YES;
				CLANG_WARN__DUPLICATE_METHOD_MATCH = YES;
				CODE_SIGN_IDENTITY = "iPhone Developer";
				COPY_PHASE_STRIP = NO;
				DEBUG_INFORMATION_FORMAT = dwarf;
				ENABLE_STRICT_OBJC_MSGSEND = YES;
				ENABLE_TESTABILITY = YES;
				GCC_C_LANGUAGE_STANDARD = gnu11;
				GCC_DYNAMIC_NO_PIC = NO;
				GCC_NO_COMMON_BLOCKS = YES;
				GCC_OPTIMIZATION_LEVEL = 0;
				GCC_PREPROCESSOR_DEFINITIONS = (
					"DEBUG=1",
					"$(inherited)",
				);
				GCC_WARN_64_TO_32_BIT_CONVERSION = YES;
				GCC_WARN_ABOUT_RETURN_TYPE = YES_ERROR;
				GCC_WARN_UNDECLARED_SELECTOR = YES;
				GCC_WARN_UNINITIALIZED_AUTOS = YES_AGGRESSIVE;
				GCC_WARN_UNUSED_FUNCTION = YES;
				GCC_WARN_UNUSED_VARIABLE = YES;
				IPHONEOS_DEPLOYMENT_TARGET = 11.0;
				MTL_ENABLE_DEBUG_INFO = YES;
				ONLY_ACTIVE_ARCH = YES;
				SDKROOT = iphoneos;
				SWIFT_ACTIVE_COMPILATION_CONDITIONS = DEBUG;
				SWIFT_OPTIMIZATION_LEVEL = "-Onone";
			};
			name = Debug;
		};
		900CC3A21F78C88700CAEDB4 /* Release */ = {
			isa = XCBuildConfiguration;
			buildSettings = {
				ALWAYS_SEARCH_USER_PATHS = NO;
				CLANG_ANALYZER_NONNULL = YES;
				CLANG_ANALYZER_NUMBER_OBJECT_CONVERSION = YES_AGGRESSIVE;
				CLANG_CXX_LANGUAGE_STANDARD = "gnu++14";
				CLANG_CXX_LIBRARY = "libc++";
				CLANG_ENABLE_MODULES = YES;
				CLANG_ENABLE_OBJC_ARC = YES;
				CLANG_WARN_BLOCK_CAPTURE_AUTORELEASING = YES;
				CLANG_WARN_BOOL_CONVERSION = YES;
				CLANG_WARN_COMMA = YES;
				CLANG_WARN_CONSTANT_CONVERSION = YES;
				CLANG_WARN_DIRECT_OBJC_ISA_USAGE = YES_ERROR;
				CLANG_WARN_DOCUMENTATION_COMMENTS = YES;
				CLANG_WARN_EMPTY_BODY = YES;
				CLANG_WARN_ENUM_CONVERSION = YES;
				CLANG_WARN_INFINITE_RECURSION = YES;
				CLANG_WARN_INT_CONVERSION = YES;
				CLANG_WARN_NON_LITERAL_NULL_CONVERSION = YES;
				CLANG_WARN_OBJC_LITERAL_CONVERSION = YES;
				CLANG_WARN_OBJC_ROOT_CLASS = YES_ERROR;
				CLANG_WARN_RANGE_LOOP_ANALYSIS = YES;
				CLANG_WARN_STRICT_PROTOTYPES = YES;
				CLANG_WARN_SUSPICIOUS_MOVE = YES;
				CLANG_WARN_UNGUARDED_AVAILABILITY = YES_AGGRESSIVE;
				CLANG_WARN_UNREACHABLE_CODE = YES;
				CLANG_WARN__DUPLICATE_METHOD_MATCH = YES;
				CODE_SIGN_IDENTITY = "iPhone Developer";
				COPY_PHASE_STRIP = NO;
				DEBUG_INFORMATION_FORMAT = "dwarf-with-dsym";
				ENABLE_NS_ASSERTIONS = NO;
				ENABLE_STRICT_OBJC_MSGSEND = YES;
				GCC_C_LANGUAGE_STANDARD = gnu11;
				GCC_NO_COMMON_BLOCKS = YES;
				GCC_WARN_64_TO_32_BIT_CONVERSION = YES;
				GCC_WARN_ABOUT_RETURN_TYPE = YES_ERROR;
				GCC_WARN_UNDECLARED_SELECTOR = YES;
				GCC_WARN_UNINITIALIZED_AUTOS = YES_AGGRESSIVE;
				GCC_WARN_UNUSED_FUNCTION = YES;
				GCC_WARN_UNUSED_VARIABLE = YES;
				IPHONEOS_DEPLOYMENT_TARGET = 11.0;
				MTL_ENABLE_DEBUG_INFO = NO;
				SDKROOT = iphoneos;
				SWIFT_OPTIMIZATION_LEVEL = "-Owholemodule";
				VALIDATE_PRODUCT = YES;
			};
			name = Release;
		};
		900CC3A41F78C88700CAEDB4 /* Debug */ = {
			isa = XCBuildConfiguration;
			buildSettings = {
				ASSETCATALOG_COMPILER_APPICON_NAME = AppIcon;
				CODE_SIGN_STYLE = Automatic;
				DEVELOPMENT_TEAM = DT2DFK4E8J;
				INFOPLIST_FILE = TestProject/Info.plist;
				IPHONEOS_DEPLOYMENT_TARGET = 9.0;
				LD_RUNPATH_SEARCH_PATHS = "$(inherited) @executable_path/Frameworks";
				PRODUCT_BUNDLE_IDENTIFIER = svoloshanov.TestProject;
				PRODUCT_NAME = "$(TARGET_NAME)";
				SWIFT_VERSION = 4.0;
				TARGETED_DEVICE_FAMILY = "1,2";
			};
			name = Debug;
		};
		900CC3A51F78C88700CAEDB4 /* Release */ = {
			isa = XCBuildConfiguration;
			buildSettings = {
				ASSETCATALOG_COMPILER_APPICON_NAME = AppIcon;
				CODE_SIGN_STYLE = Automatic;
				DEVELOPMENT_TEAM = DT2DFK4E8J;
				INFOPLIST_FILE = TestProject/Info.plist;
				IPHONEOS_DEPLOYMENT_TARGET = 9.0;
				LD_RUNPATH_SEARCH_PATHS = "$(inherited) @executable_path/Frameworks";
				PRODUCT_BUNDLE_IDENTIFIER = svoloshanov.TestProject;
				PRODUCT_NAME = "$(TARGET_NAME)";
				SWIFT_VERSION = 4.0;
				TARGETED_DEVICE_FAMILY = "1,2";
			};
			name = Release;
		};
/* End XCBuildConfiguration section */

/* Begin XCConfigurationList section */
		900CC38C1F78C88700CAEDB4 /* Build configuration list for PBXProject "TestProject" */ = {
			isa = XCConfigurationList;
			buildConfigurations = (
				900CC3A11F78C88700CAEDB4 /* Debug */,
				900CC3A21F78C88700CAEDB4 /* Release */,
			);
			defaultConfigurationIsVisible = 0;
			defaultConfigurationName = Release;
		};
		900CC3A31F78C88700CAEDB4 /* Build configuration list for PBXNativeTarget "TestProject" */ = {
			isa = XCConfigurationList;
			buildConfigurations = (
				900CC3A41F78C88700CAEDB4 /* Debug */,
				900CC3A51F78C88700CAEDB4 /* Release */,
			);
			defaultConfigurationIsVisible = 0;
			defaultConfigurationName = Release;
		};
/* End XCConfigurationList section */
	};
	rootObject = 900CC3891F78C88700CAEDB4 /* Project object */;
}
